{
  "name": "editor",
  "version": "1.0.0",
  "lockfileVersion": 1,
  "requires": true,
  "dependencies": {
    "swagger-editor-dist": {
      "version": "3.6.16",
      "resolved": "https://registry.npmjs.org/swagger-editor-dist/-/swagger-editor-dist-3.6.16.tgz",
      "integrity": "sha512-B4Avk8NjsyyPyS4lXe7h0oWmCko4voWDozx2fDTfZmqMXCkx6ZoTFIcqQj3f7vC7gaVBrJdgk6DL7pCahjNfdw=="
    }
  }
}
